
Microsoft Visual Studio Solution File, Format Version 12.00
# Visual Studio 2013
VisualStudioVersion = 12.0.30723.0
MinimumVisualStudioVersion = 10.0.40219.1
Project("{2150E333-8FDC-42A3-9474-1A3956D46DE8}") = "Data", "Data", "{A7662F53-D0E8-4FCA-A62E-F070E23AADAC}"
EndProject
Project("{2150E333-8FDC-42A3-9474-1A3956D46DE8}") = "Desktop", "Desktop", "{E51506AF-9A86-4AEC-AD91-A5BE30D68678}"
EndProject
Project("{2150E333-8FDC-42A3-9474-1A3956D46DE8}") = "Tests", "Tests", "{60FE64C6-75F6-4495-84E2-B1C794808CE2}"
EndProject
Project("{FAE04EC0-301F-11D3-BF4B-00C04F79EFBC}") = "LearningCreditSystem.Common", "LearningCreditSystem.Common\LearningCreditSystem.Common.csproj", "{B8FE1991-D49A-487E-89BF-0FFEE0F0FB4B}"
EndProject
Project("{FAE04EC0-301F-11D3-BF4B-00C04F79EFBC}") = "LearningCreditSystem.Data", "Data\LearningCreditSystem.Data\LearningCreditSystem.Data.csproj", "{DFC61F99-D7C3-42E7-A792-95A57D32E37A}"
EndProject
Project("{FAE04EC0-301F-11D3-BF4B-00C04F79EFBC}") = "LearningCreditSystem.Desktop", "Desktop\LearningCreditSystem.Desktop\LearningCreditSystem.Desktop.csproj", "{31B7EF7B-0C62-4EBD-AEC1-586814BBED9F}"
EndProject
Project("{FAE04EC0-301F-11D3-BF4B-00C04F79EFBC}") = "LearningCreditSystem.Desktop.Common", "Desktop\LearningCreditSystem.Desktop.Common\LearningCreditSystem.Desktop.Common.csproj", "{BBF439CD-B024-435D-A017-0BF87CE8AB49}"
EndProject
Project("{FAE04EC0-301F-11D3-BF4B-00C04F79EFBC}") = "LearningCreditSystem.Tests", "Tests\LearningCreditSystem.Tests\LearningCreditSystem.Tests.csproj", "{50F47D76-B9E6-4C15-AA68-6747074E1E1C}"
EndProject
Global
	GlobalSection(SolutionConfigurationPlatforms) = preSolution
		Debug|Any CPU = Debug|Any CPU
		Release|Any CPU = Release|Any CPU
	EndGlobalSection
	GlobalSection(ProjectConfigurationPlatforms) = postSolution
		{B8FE1991-D49A-487E-89BF-0FFEE0F0FB4B}.Debug|Any CPU.ActiveCfg = Debug|Any CPU
		{B8FE1991-D49A-487E-89BF-0FFEE0F0FB4B}.Debug|Any CPU.Build.0 = Debug|Any CPU
		{B8FE1991-D49A-487E-89BF-0FFEE0F0FB4B}.Release|Any CPU.ActiveCfg = Release|Any CPU
		{B8FE1991-D49A-487E-89BF-0FFEE0F0FB4B}.Release|Any CPU.Build.0 = Release|Any CPU
		{DFC61F99-D7C3-42E7-A792-95A57D32E37A}.Debug|Any CPU.ActiveCfg = Debug|Any CPU
		{DFC61F99-D7C3-42E7-A792-95A57D32E37A}.Debug|Any CPU.Build.0 = Debug|Any CPU
		{DFC61F99-D7C3-42E7-A792-95A57D32E37A}.Release|Any CPU.ActiveCfg = Release|Any CPU
		{DFC61F99-D7C3-42E7-A792-95A57D32E37A}.Release|Any CPU.Build.0 = Release|Any CPU
		{31B7EF7B-0C62-4EBD-AEC1-586814BBED9F}.Debug|Any CPU.ActiveCfg = Debug|Any CPU
		{31B7EF7B-0C62-4EBD-AEC1-586814BBED9F}.Debug|Any CPU.Build.0 = Debug|Any CPU
		{31B7EF7B-0C62-4EBD-AEC1-586814BBED9F}.Release|Any CPU.ActiveCfg = Release|Any CPU
		{31B7EF7B-0C62-4EBD-AEC1-586814BBED9F}.Release|Any CPU.Build.0 = Release|Any CPU
		{BBF439CD-B024-435D-A017-0BF87CE8AB49}.Debug|Any CPU.ActiveCfg = Debug|Any CPU
		{BBF439CD-B024-435D-A017-0BF87CE8AB49}.Debug|Any CPU.Build.0 = Debug|Any CPU
		{BBF439CD-B024-435D-A017-0BF87CE8AB49}.Release|Any CPU.ActiveCfg = Release|Any CPU
		{BBF439CD-B024-435D-A017-0BF87CE8AB49}.Release|Any CPU.Build.0 = Release|Any CPU
		{50F47D76-B9E6-4C15-AA68-6747074E1E1C}.Debug|Any CPU.ActiveCfg = Debug|Any CPU
		{50F47D76-B9E6-4C15-AA68-6747074E1E1C}.Debug|Any CPU.Build.0 = Debug|Any CPU
		{50F47D76-B9E6-4C15-AA68-6747074E1E1C}.Release|Any CPU.ActiveCfg = Release|Any CPU
		{50F47D76-B9E6-4C15-AA68-6747074E1E1C}.Release|Any CPU.Build.0 = Release|Any CPU
	EndGlobalSection
	GlobalSection(SolutionProperties) = preSolution
		HideSolutionNode = FALSE
	EndGlobalSection
	GlobalSection(NestedProjects) = preSolution
		{DFC61F99-D7C3-42E7-A792-95A57D32E37A} = {A7662F53-D0E8-4FCA-A62E-F070E23AADAC}
		{31B7EF7B-0C62-4EBD-AEC1-586814BBED9F} = {E51506AF-9A86-4AEC-AD91-A5BE30D68678}
		{BBF439CD-B024-435D-A017-0BF87CE8AB49} = {E51506AF-9A86-4AEC-AD91-A5BE30D68678}
		{50F47D76-B9E6-4C15-AA68-6747074E1E1C} = {60FE64C6-75F6-4495-84E2-B1C794808CE2}
	EndGlobalSection
EndGlobal
